// !$*UTF8*$!
{
	archiveVersion = 1;
	classes = {
	};
	objectVersion = 56;
	objects = {

/* Begin PBXBuildFile section */
		4FC3A0732BFDB55000444F1F /* PokemonAppApp.swift in Sources */ = {isa = PBXBuildFile; fileRef = 4FC3A0722BFDB55000444F1F /* PokemonAppApp.swift */; };
		4FC3A0752BFDB55100444F1F /* PokemonListViewModel.swift in Sources */ = {isa = PBXBuildFile; fileRef = 4FC3A0742BFDB55100444F1F /* PokemonListViewModel.swift */; };
		4FC3A0772BFDB55200444F1F /* Assets.xcassets in Resources */ = {isa = PBXBuildFile; fileRef = 4FC3A0762BFDB55200444F1F /* Assets.xcassets */; };
		4FC3A07A2BFDB55200444F1F /* Preview Assets.xcassets in Resources */ = {isa = PBXBuildFile; fileRef = 4FC3A0792BFDB55200444F1F /* Preview Assets.xcassets */; };
		4FC3A0842BFDB55300444F1F /* PokemonAppTests.swift in Sources */ = {isa = PBXBuildFile; fileRef = 4FC3A0832BFDB55300444F1F /* PokemonAppTests.swift */; };
		4FC3A08E2BFDB55300444F1F /* PokemonAppUITests.swift in Sources */ = {isa = PBXBuildFile; fileRef = 4FC3A08D2BFDB55300444F1F /* PokemonAppUITests.swift */; };
		4FC3A0902BFDB55300444F1F /* PokemonAppUITestsLaunchTests.swift in Sources */ = {isa = PBXBuildFile; fileRef = 4FC3A08F2BFDB55300444F1F /* PokemonAppUITestsLaunchTests.swift */; };
		4FC3A09D2BFDC7E400444F1F /* PokemonListView.swift in Sources */ = {isa = PBXBuildFile; fileRef = 4FC3A09C2BFDC7E400444F1F /* PokemonListView.swift */; };
		4FC3A09F2BFDC81A00444F1F /* Models.swift in Sources */ = {isa = PBXBuildFile; fileRef = 4FC3A09E2BFDC81A00444F1F /* Models.swift */; };
		4FC3A0A12BFDC84700444F1F /* PokemonDetailView.swift in Sources */ = {isa = PBXBuildFile; fileRef = 4FC3A0A02BFDC84700444F1F /* PokemonDetailView.swift */; };
		4FC3A0A32BFDC86B00444F1F /* PokemonDetailViewModel.swift in Sources */ = {isa = PBXBuildFile; fileRef = 4FC3A0A22BFDC86B00444F1F /* PokemonDetailViewModel.swift */; };
		4FC3A0A62BFDE71800444F1F /* APIEndpoint.swift in Sources */ = {isa = PBXBuildFile; fileRef = 4FC3A0A52BFDE71800444F1F /* APIEndpoint.swift */; };
		4FC3A0A82BFDE73700444F1F /* NetworkError.swift in Sources */ = {isa = PBXBuildFile; fileRef = 4FC3A0A72BFDE73700444F1F /* NetworkError.swift */; };
		4FC3A0AA2BFDE74A00444F1F /* NetworkService.swift in Sources */ = {isa = PBXBuildFile; fileRef = 4FC3A0A92BFDE74A00444F1F /* NetworkService.swift */; };
		4FC3A0AC2BFDE76600444F1F /* LocalDataService.swift in Sources */ = {isa = PBXBuildFile; fileRef = 4FC3A0AB2BFDE76600444F1F /* LocalDataService.swift */; };
		4FC3A0B02BFDE7A700444F1F /* PokemonRepository.swift in Sources */ = {isa = PBXBuildFile; fileRef = 4FC3A0AF2BFDE7A700444F1F /* PokemonRepository.swift */; };
		4FC3A0B62BFDE81600444F1F /* LocalDataServiceTests.swift in Sources */ = {isa = PBXBuildFile; fileRef = 4FC3A0B52BFDE81600444F1F /* LocalDataServiceTests.swift */; };
		4FC3A0B82BFDE97D00444F1F /* PokemonRepositoryTests.swift in Sources */ = {isa = PBXBuildFile; fileRef = 4FC3A0B72BFDE97D00444F1F /* PokemonRepositoryTests.swift */; };
		4FC3A0BC2BFDF05B00444F1F /* PokemonListViewModel.swift in Sources */ = {isa = PBXBuildFile; fileRef = 4FC3A0BB2BFDF05B00444F1F /* PokemonListViewModel.swift */; };
		4FC3A0BE2BFE35D500444F1F /* PokemonDetailViewModelTests.swift in Sources */ = {isa = PBXBuildFile; fileRef = 4FC3A0BD2BFE35D500444F1F /* PokemonDetailViewModelTests.swift */; };
		4FC3A0C02BFE557300444F1F /* Constants.swift in Sources */ = {isa = PBXBuildFile; fileRef = 4FC3A0BF2BFE557300444F1F /* Constants.swift */; };
/* End PBXBuildFile section */

/* Begin PBXContainerItemProxy section */
		4FC3A0802BFDB55200444F1F /* PBXContainerItemProxy */ = {
			isa = PBXContainerItemProxy;
			containerPortal = 4FC3A0672BFDB55000444F1F /* Project object */;
			proxyType = 1;
			remoteGlobalIDString = 4FC3A06E2BFDB55000444F1F;
			remoteInfo = PokemonApp;
		};
		4FC3A08A2BFDB55300444F1F /* PBXContainerItemProxy */ = {
			isa = PBXContainerItemProxy;
			containerPortal = 4FC3A0672BFDB55000444F1F /* Project object */;
			proxyType = 1;
			remoteGlobalIDString = 4FC3A06E2BFDB55000444F1F;
			remoteInfo = PokemonApp;
		};
/* End PBXContainerItemProxy section */

/* Begin PBXFileReference section */
		4FC3A06F2BFDB55000444F1F /* PokemonApp.app */ = {isa = PBXFileReference; explicitFileType = wrapper.application; includeInIndex = 0; path = PokemonApp.app; sourceTree = BUILT_PRODUCTS_DIR; };
		4FC3A0722BFDB55000444F1F /* PokemonAppApp.swift */ = {isa = PBXFileReference; lastKnownFileType = sourcecode.swift; path = PokemonAppApp.swift; sourceTree = "<group>"; };
		4FC3A0742BFDB55100444F1F /* PokemonListViewModel.swift */ = {isa = PBXFileReference; lastKnownFileType = sourcecode.swift; path = PokemonListViewModel.swift; sourceTree = "<group>"; };
		4FC3A0762BFDB55200444F1F /* Assets.xcassets */ = {isa = PBXFileReference; lastKnownFileType = folder.assetcatalog; path = Assets.xcassets; sourceTree = "<group>"; };
		4FC3A0792BFDB55200444F1F /* Preview Assets.xcassets */ = {isa = PBXFileReference; lastKnownFileType = folder.assetcatalog; path = "Preview Assets.xcassets"; sourceTree = "<group>"; };
		4FC3A07F2BFDB55200444F1F /* PokemonAppTests.xctest */ = {isa = PBXFileReference; explicitFileType = wrapper.cfbundle; includeInIndex = 0; path = PokemonAppTests.xctest; sourceTree = BUILT_PRODUCTS_DIR; };
		4FC3A0832BFDB55300444F1F /* PokemonAppTests.swift */ = {isa = PBXFileReference; lastKnownFileType = sourcecode.swift; path = PokemonAppTests.swift; sourceTree = "<group>"; };
		4FC3A0892BFDB55300444F1F /* PokemonAppUITests.xctest */ = {isa = PBXFileReference; explicitFileType = wrapper.cfbundle; includeInIndex = 0; path = PokemonAppUITests.xctest; sourceTree = BUILT_PRODUCTS_DIR; };
		4FC3A08D2BFDB55300444F1F /* PokemonAppUITests.swift */ = {isa = PBXFileReference; lastKnownFileType = sourcecode.swift; path = PokemonAppUITests.swift; sourceTree = "<group>"; };
		4FC3A08F2BFDB55300444F1F /* PokemonAppUITestsLaunchTests.swift */ = {isa = PBXFileReference; lastKnownFileType = sourcecode.swift; path = PokemonAppUITestsLaunchTests.swift; sourceTree = "<group>"; };
		4FC3A09C2BFDC7E400444F1F /* PokemonListView.swift */ = {isa = PBXFileReference; lastKnownFileType = sourcecode.swift; path = PokemonListView.swift; sourceTree = "<group>"; };
		4FC3A09E2BFDC81A00444F1F /* Models.swift */ = {isa = PBXFileReference; lastKnownFileType = sourcecode.swift; path = Models.swift; sourceTree = "<group>"; };
		4FC3A0A02BFDC84700444F1F /* PokemonDetailView.swift */ = {isa = PBXFileReference; lastKnownFileType = sourcecode.swift; path = PokemonDetailView.swift; sourceTree = "<group>"; };
		4FC3A0A22BFDC86B00444F1F /* PokemonDetailViewModel.swift */ = {isa = PBXFileReference; lastKnownFileType = sourcecode.swift; path = PokemonDetailViewModel.swift; sourceTree = "<group>"; };
		4FC3A0A52BFDE71800444F1F /* APIEndpoint.swift */ = {isa = PBXFileReference; lastKnownFileType = sourcecode.swift; path = APIEndpoint.swift; sourceTree = "<group>"; };
		4FC3A0A72BFDE73700444F1F /* NetworkError.swift */ = {isa = PBXFileReference; lastKnownFileType = sourcecode.swift; path = NetworkError.swift; sourceTree = "<group>"; };
		4FC3A0A92BFDE74A00444F1F /* NetworkService.swift */ = {isa = PBXFileReference; lastKnownFileType = sourcecode.swift; path = NetworkService.swift; sourceTree = "<group>"; };
		4FC3A0AB2BFDE76600444F1F /* LocalDataService.swift */ = {isa = PBXFileReference; lastKnownFileType = sourcecode.swift; path = LocalDataService.swift; sourceTree = "<group>"; };
		4FC3A0AF2BFDE7A700444F1F /* PokemonRepository.swift */ = {isa = PBXFileReference; lastKnownFileType = sourcecode.swift; path = PokemonRepository.swift; sourceTree = "<group>"; };
		4FC3A0B52BFDE81600444F1F /* LocalDataServiceTests.swift */ = {isa = PBXFileReference; lastKnownFileType = sourcecode.swift; path = LocalDataServiceTests.swift; sourceTree = "<group>"; };
		4FC3A0B72BFDE97D00444F1F /* PokemonRepositoryTests.swift */ = {isa = PBXFileReference; lastKnownFileType = sourcecode.swift; path = PokemonRepositoryTests.swift; sourceTree = "<group>"; };
		4FC3A0BB2BFDF05B00444F1F /* PokemonListViewModel.swift */ = {isa = PBXFileReference; lastKnownFileType = sourcecode.swift; path = PokemonListViewModel.swift; sourceTree = "<group>"; };
		4FC3A0BD2BFE35D500444F1F /* PokemonDetailViewModelTests.swift */ = {isa = PBXFileReference; lastKnownFileType = sourcecode.swift; path = PokemonDetailViewModelTests.swift; sourceTree = "<group>"; };
		4FC3A0BF2BFE557300444F1F /* Constants.swift */ = {isa = PBXFileReference; lastKnownFileType = sourcecode.swift; path = Constants.swift; sourceTree = "<group>"; };
/* End PBXFileReference section */

/* Begin PBXFrameworksBuildPhase section */
		4FC3A06C2BFDB55000444F1F /* Frameworks */ = {
			isa = PBXFrameworksBuildPhase;
			buildActionMask = 2147483647;
			files = (
			);
			runOnlyForDeploymentPostprocessing = 0;
		};
		4FC3A07C2BFDB55200444F1F /* Frameworks */ = {
			isa = PBXFrameworksBuildPhase;
			buildActionMask = 2147483647;
			files = (
			);
			runOnlyForDeploymentPostprocessing = 0;
		};
		4FC3A0862BFDB55300444F1F /* Frameworks */ = {
			isa = PBXFrameworksBuildPhase;
			buildActionMask = 2147483647;
			files = (
			);
			runOnlyForDeploymentPostprocessing = 0;
		};
/* End PBXFrameworksBuildPhase section */

/* Begin PBXGroup section */
		4FC3A0662BFDB55000444F1F = {
			isa = PBXGroup;
			children = (
				4FC3A0712BFDB55000444F1F /* PokemonApp */,
				4FC3A0822BFDB55200444F1F /* PokemonAppTests */,
				4FC3A08C2BFDB55300444F1F /* PokemonAppUITests */,
				4FC3A0702BFDB55000444F1F /* Products */,
			);
			sourceTree = "<group>";
		};
		4FC3A0702BFDB55000444F1F /* Products */ = {
			isa = PBXGroup;
			children = (
				4FC3A06F2BFDB55000444F1F /* PokemonApp.app */,
				4FC3A07F2BFDB55200444F1F /* PokemonAppTests.xctest */,
				4FC3A0892BFDB55300444F1F /* PokemonAppUITests.xctest */,
			);
			name = Products;
			sourceTree = "<group>";
		};
		4FC3A0712BFDB55000444F1F /* PokemonApp */ = {
			isa = PBXGroup;
			children = (
				4FC3A0B42BFDE7EF00444F1F /* Model */,
				4FC3A0B12BFDE7B200444F1F /* Screens */,
				4FC3A0AE2BFDE78E00444F1F /* Repository */,
				4FC3A0AD2BFDE77800444F1F /* Caching */,
				4FC3A0A42BFDE70300444F1F /* Network */,
				4FC3A0722BFDB55000444F1F /* PokemonAppApp.swift */,
				4FC3A0762BFDB55200444F1F /* Assets.xcassets */,
				4FC3A0782BFDB55200444F1F /* Preview Content */,
				4FC3A0BF2BFE557300444F1F /* Constants.swift */,
			);
			path = PokemonApp;
			sourceTree = "<group>";
		};
		4FC3A0782BFDB55200444F1F /* Preview Content */ = {
			isa = PBXGroup;
			children = (
				4FC3A0792BFDB55200444F1F /* Preview Assets.xcassets */,
			);
			path = "Preview Content";
			sourceTree = "<group>";
		};
		4FC3A0822BFDB55200444F1F /* PokemonAppTests */ = {
			isa = PBXGroup;
			children = (
				4FC3A0832BFDB55300444F1F /* PokemonAppTests.swift */,
				4FC3A0B52BFDE81600444F1F /* LocalDataServiceTests.swift */,
				4FC3A0B72BFDE97D00444F1F /* PokemonRepositoryTests.swift */,
				4FC3A0BB2BFDF05B00444F1F /* PokemonListViewModel.swift */,
				4FC3A0BD2BFE35D500444F1F /* PokemonDetailViewModelTests.swift */,
			);
			path = PokemonAppTests;
			sourceTree = "<group>";
		};
		4FC3A08C2BFDB55300444F1F /* PokemonAppUITests */ = {
			isa = PBXGroup;
			children = (
				4FC3A08D2BFDB55300444F1F /* PokemonAppUITests.swift */,
				4FC3A08F2BFDB55300444F1F /* PokemonAppUITestsLaunchTests.swift */,
			);
			path = PokemonAppUITests;
			sourceTree = "<group>";
		};
		4FC3A0A42BFDE70300444F1F /* Network */ = {
			isa = PBXGroup;
			children = (
				4FC3A0A52BFDE71800444F1F /* APIEndpoint.swift */,
				4FC3A0A72BFDE73700444F1F /* NetworkError.swift */,
				4FC3A0A92BFDE74A00444F1F /* NetworkService.swift */,
			);
			path = Network;
			sourceTree = "<group>";
		};
		4FC3A0AD2BFDE77800444F1F /* Caching */ = {
			isa = PBXGroup;
			children = (
				4FC3A0AB2BFDE76600444F1F /* LocalDataService.swift */,
			);
			path = Caching;
			sourceTree = "<group>";
		};
		4FC3A0AE2BFDE78E00444F1F /* Repository */ = {
			isa = PBXGroup;
			children = (
				4FC3A0AF2BFDE7A700444F1F /* PokemonRepository.swift */,
			);
			path = Repository;
			sourceTree = "<group>";
		};
		4FC3A0B12BFDE7B200444F1F /* Screens */ = {
			isa = PBXGroup;
			children = (
				4FC3A0B32BFDE7C200444F1F /* PokemonDetails */,
				4FC3A0B22BFDE7BA00444F1F /* PokemonList */,
			);
			path = Screens;
			sourceTree = "<group>";
		};
		4FC3A0B22BFDE7BA00444F1F /* PokemonList */ = {
			isa = PBXGroup;
			children = (
				4FC3A0742BFDB55100444F1F /* PokemonListViewModel.swift */,
				4FC3A09C2BFDC7E400444F1F /* PokemonListView.swift */,
			);
			path = PokemonList;
			sourceTree = "<group>";
		};
		4FC3A0B32BFDE7C200444F1F /* PokemonDetails */ = {
			isa = PBXGroup;
			children = (
				4FC3A0A22BFDC86B00444F1F /* PokemonDetailViewModel.swift */,
				4FC3A0A02BFDC84700444F1F /* PokemonDetailView.swift */,
			);
			path = PokemonDetails;
			sourceTree = "<group>";
		};
		4FC3A0B42BFDE7EF00444F1F /* Model */ = {
			isa = PBXGroup;
			children = (
				4FC3A09E2BFDC81A00444F1F /* Models.swift */,
			);
			path = Model;
			sourceTree = "<group>";
		};
/* End PBXGroup section */

/* Begin PBXNativeTarget section */
		4FC3A06E2BFDB55000444F1F /* PokemonApp */ = {
			isa = PBXNativeTarget;
			buildConfigurationList = 4FC3A0932BFDB55300444F1F /* Build configuration list for PBXNativeTarget "PokemonApp" */;
			buildPhases = (
				4FC3A06B2BFDB55000444F1F /* Sources */,
				4FC3A06C2BFDB55000444F1F /* Frameworks */,
				4FC3A06D2BFDB55000444F1F /* Resources */,
			);
			buildRules = (
			);
			dependencies = (
			);
			name = PokemonApp;
			productName = PokemonApp;
			productReference = 4FC3A06F2BFDB55000444F1F /* PokemonApp.app */;
			productType = "com.apple.product-type.application";
		};
		4FC3A07E2BFDB55200444F1F /* PokemonAppTests */ = {
			isa = PBXNativeTarget;
			buildConfigurationList = 4FC3A0962BFDB55300444F1F /* Build configuration list for PBXNativeTarget "PokemonAppTests" */;
			buildPhases = (
				4FC3A07B2BFDB55200444F1F /* Sources */,
				4FC3A07C2BFDB55200444F1F /* Frameworks */,
				4FC3A07D2BFDB55200444F1F /* Resources */,
			);
			buildRules = (
			);
			dependencies = (
				4FC3A0812BFDB55200444F1F /* PBXTargetDependency */,
			);
			name = PokemonAppTests;
			productName = PokemonAppTests;
			productReference = 4FC3A07F2BFDB55200444F1F /* PokemonAppTests.xctest */;
			productType = "com.apple.product-type.bundle.unit-test";
		};
		4FC3A0882BFDB55300444F1F /* PokemonAppUITests */ = {
			isa = PBXNativeTarget;
			buildConfigurationList = 4FC3A0992BFDB55300444F1F /* Build configuration list for PBXNativeTarget "PokemonAppUITests" */;
			buildPhases = (
				4FC3A0852BFDB55300444F1F /* Sources */,
				4FC3A0862BFDB55300444F1F /* Frameworks */,
				4FC3A0872BFDB55300444F1F /* Resources */,
			);
			buildRules = (
			);
			dependencies = (
				4FC3A08B2BFDB55300444F1F /* PBXTargetDependency */,
			);
			name = PokemonAppUITests;
			productName = PokemonAppUITests;
			productReference = 4FC3A0892BFDB55300444F1F /* PokemonAppUITests.xctest */;
			productType = "com.apple.product-type.bundle.ui-testing";
		};
/* End PBXNativeTarget section */

/* Begin PBXProject section */
		4FC3A0672BFDB55000444F1F /* Project object */ = {
			isa = PBXProject;
			attributes = {
				BuildIndependentTargetsInParallel = 1;
				LastSwiftUpdateCheck = 1500;
				LastUpgradeCheck = 1500;
				TargetAttributes = {
					4FC3A06E2BFDB55000444F1F = {
						CreatedOnToolsVersion = 15.0;
					};
					4FC3A07E2BFDB55200444F1F = {
						CreatedOnToolsVersion = 15.0;
						TestTargetID = 4FC3A06E2BFDB55000444F1F;
					};
					4FC3A0882BFDB55300444F1F = {
						CreatedOnToolsVersion = 15.0;
						TestTargetID = 4FC3A06E2BFDB55000444F1F;
					};
				};
			};
			buildConfigurationList = 4FC3A06A2BFDB55000444F1F /* Build configuration list for PBXProject "PokemonApp" */;
			compatibilityVersion = "Xcode 14.0";
			developmentRegion = en;
			hasScannedForEncodings = 0;
			knownRegions = (
				en,
				Base,
			);
			mainGroup = 4FC3A0662BFDB55000444F1F;
			productRefGroup = 4FC3A0702BFDB55000444F1F /* Products */;
			projectDirPath = "";
			projectRoot = "";
			targets = (
				4FC3A06E2BFDB55000444F1F /* PokemonApp */,
				4FC3A07E2BFDB55200444F1F /* PokemonAppTests */,
				4FC3A0882BFDB55300444F1F /* PokemonAppUITests */,
			);
		};
/* End PBXProject section */

/* Begin PBXResourcesBuildPhase section */
		4FC3A06D2BFDB55000444F1F /* Resources */ = {
			isa = PBXResourcesBuildPhase;
			buildActionMask = 2147483647;
			files = (
				4FC3A07A2BFDB55200444F1F /* Preview Assets.xcassets in Resources */,
				4FC3A0772BFDB55200444F1F /* Assets.xcassets in Resources */,
			);
			runOnlyForDeploymentPostprocessing = 0;
		};
		4FC3A07D2BFDB55200444F1F /* Resources */ = {
			isa = PBXResourcesBuildPhase;
			buildActionMask = 2147483647;
			files = (
			);
			runOnlyForDeploymentPostprocessing = 0;
		};
		4FC3A0872BFDB55300444F1F /* Resources */ = {
			isa = PBXResourcesBuildPhase;
			buildActionMask = 2147483647;
			files = (
			);
			runOnlyForDeploymentPostprocessing = 0;
		};
/* End PBXResourcesBuildPhase section */

/* Begin PBXSourcesBuildPhase section */
		4FC3A06B2BFDB55000444F1F /* Sources */ = {
			isa = PBXSourcesBuildPhase;
			buildActionMask = 2147483647;
			files = (
				4FC3A0A62BFDE71800444F1F /* APIEndpoint.swift in Sources */,
				4FC3A0A82BFDE73700444F1F /* NetworkError.swift in Sources */,
				4FC3A0752BFDB55100444F1F /* PokemonListViewModel.swift in Sources */,
				4FC3A0AC2BFDE76600444F1F /* LocalDataService.swift in Sources */,
				4FC3A0A12BFDC84700444F1F /* PokemonDetailView.swift in Sources */,
				4FC3A0AA2BFDE74A00444F1F /* NetworkService.swift in Sources */,
				4FC3A09D2BFDC7E400444F1F /* PokemonListView.swift in Sources */,
				4FC3A0732BFDB55000444F1F /* PokemonAppApp.swift in Sources */,
				4FC3A09F2BFDC81A00444F1F /* Models.swift in Sources */,
				4FC3A0A32BFDC86B00444F1F /* PokemonDetailViewModel.swift in Sources */,
				4FC3A0B02BFDE7A700444F1F /* PokemonRepository.swift in Sources */,
				4FC3A0C02BFE557300444F1F /* Constants.swift in Sources */,
			);
			runOnlyForDeploymentPostprocessing = 0;
		};
		4FC3A07B2BFDB55200444F1F /* Sources */ = {
			isa = PBXSourcesBuildPhase;
			buildActionMask = 2147483647;
			files = (
				4FC3A0B82BFDE97D00444F1F /* PokemonRepositoryTests.swift in Sources */,
				4FC3A0842BFDB55300444F1F /* PokemonAppTests.swift in Sources */,
				4FC3A0BC2BFDF05B00444F1F /* PokemonListViewModel.swift in Sources */,
				4FC3A0BE2BFE35D500444F1F /* PokemonDetailViewModelTests.swift in Sources */,
				4FC3A0B62BFDE81600444F1F /* LocalDataServiceTests.swift in Sources */,
			);
			runOnlyForDeploymentPostprocessing = 0;
		};
		4FC3A0852BFDB55300444F1F /* Sources */ = {
			isa = PBXSourcesBuildPhase;
			buildActionMask = 2147483647;
			files = (
				4FC3A0902BFDB55300444F1F /* PokemonAppUITestsLaunchTests.swift in Sources */,
				4FC3A08E2BFDB55300444F1F /* PokemonAppUITests.swift in Sources */,
			);
			runOnlyForDeploymentPostprocessing = 0;
		};
/* End PBXSourcesBuildPhase section */

/* Begin PBXTargetDependency section */
		4FC3A0812BFDB55200444F1F /* PBXTargetDependency */ = {
			isa = PBXTargetDependency;
			target = 4FC3A06E2BFDB55000444F1F /* PokemonApp */;
			targetProxy = 4FC3A0802BFDB55200444F1F /* PBXContainerItemProxy */;
		};
		4FC3A08B2BFDB55300444F1F /* PBXTargetDependency */ = {
			isa = PBXTargetDependency;
			target = 4FC3A06E2BFDB55000444F1F /* PokemonApp */;
			targetProxy = 4FC3A08A2BFDB55300444F1F /* PBXContainerItemProxy */;
		};
/* End PBXTargetDependency section */

/* Begin XCBuildConfiguration section */
		4FC3A0912BFDB55300444F1F /* Debug */ = {
			isa = XCBuildConfiguration;
			buildSettings = {
				ALWAYS_SEARCH_USER_PATHS = NO;
				ASSETCATALOG_COMPILER_GENERATE_SWIFT_ASSET_SYMBOL_EXTENSIONS = YES;
				CLANG_ANALYZER_NONNULL = YES;
				CLANG_ANALYZER_NUMBER_OBJECT_CONVERSION = YES_AGGRESSIVE;
				CLANG_CXX_LANGUAGE_STANDARD = "gnu++20";
				CLANG_ENABLE_MODULES = YES;
				CLANG_ENABLE_OBJC_ARC = YES;
				CLANG_ENABLE_OBJC_WEAK = YES;
				CLANG_WARN_BLOCK_CAPTURE_AUTORELEASING = YES;
				CLANG_WARN_BOOL_CONVERSION = YES;
				CLANG_WARN_COMMA = YES;
				CLANG_WARN_CONSTANT_CONVERSION = YES;
				CLANG_WARN_DEPRECATED_OBJC_IMPLEMENTATIONS = YES;
				CLANG_WARN_DIRECT_OBJC_ISA_USAGE = YES_ERROR;
				CLANG_WARN_DOCUMENTATION_COMMENTS = YES;
				CLANG_WARN_EMPTY_BODY = YES;
				CLANG_WARN_ENUM_CONVERSION = YES;
				CLANG_WARN_INFINITE_RECURSION = YES;
				CLANG_WARN_INT_CONVERSION = YES;
				CLANG_WARN_NON_LITERAL_NULL_CONVERSION = YES;
				CLANG_WARN_OBJC_IMPLICIT_RETAIN_SELF = YES;
				CLANG_WARN_OBJC_LITERAL_CONVERSION = YES;
				CLANG_WARN_OBJC_ROOT_CLASS = YES_ERROR;
				CLANG_WARN_QUOTED_INCLUDE_IN_FRAMEWORK_HEADER = YES;
				CLANG_WARN_RANGE_LOOP_ANALYSIS = YES;
				CLANG_WARN_STRICT_PROTOTYPES = YES;
				CLANG_WARN_SUSPICIOUS_MOVE = YES;
				CLANG_WARN_UNGUARDED_AVAILABILITY = YES_AGGRESSIVE;
				CLANG_WARN_UNREACHABLE_CODE = YES;
				CLANG_WARN__DUPLICATE_METHOD_MATCH = YES;
				COPY_PHASE_STRIP = NO;
				DEBUG_INFORMATION_FORMAT = dwarf;
				ENABLE_STRICT_OBJC_MSGSEND = YES;
				ENABLE_TESTABILITY = YES;
				ENABLE_USER_SCRIPT_SANDBOXING = YES;
				GCC_C_LANGUAGE_STANDARD = gnu17;
				GCC_DYNAMIC_NO_PIC = NO;
				GCC_NO_COMMON_BLOCKS = YES;
				GCC_OPTIMIZATION_LEVEL = 0;
				GCC_PREPROCESSOR_DEFINITIONS = (
					"DEBUG=1",
					"$(inherited)",
				);
				GCC_WARN_64_TO_32_BIT_CONVERSION = YES;
				GCC_WARN_ABOUT_RETURN_TYPE = YES_ERROR;
				GCC_WARN_UNDECLARED_SELECTOR = YES;
				GCC_WARN_UNINITIALIZED_AUTOS = YES_AGGRESSIVE;
				GCC_WARN_UNUSED_FUNCTION = YES;
				GCC_WARN_UNUSED_VARIABLE = YES;
				IPHONEOS_DEPLOYMENT_TARGET = 17.0;
				LOCALIZATION_PREFERS_STRING_CATALOGS = YES;
				MTL_ENABLE_DEBUG_INFO = INCLUDE_SOURCE;
				MTL_FAST_MATH = YES;
				ONLY_ACTIVE_ARCH = YES;
				SDKROOT = iphoneos;
				SWIFT_ACTIVE_COMPILATION_CONDITIONS = "DEBUG $(inherited)";
				SWIFT_OPTIMIZATION_LEVEL = "-Onone";
			};
			name = Debug;
		};
		4FC3A0922BFDB55300444F1F /* Release */ = {
			isa = XCBuildConfiguration;
			buildSettings = {
				ALWAYS_SEARCH_USER_PATHS = NO;
				ASSETCATALOG_COMPILER_GENERATE_SWIFT_ASSET_SYMBOL_EXTENSIONS = YES;
				CLANG_ANALYZER_NONNULL = YES;
				CLANG_ANALYZER_NUMBER_OBJECT_CONVERSION = YES_AGGRESSIVE;
				CLANG_CXX_LANGUAGE_STANDARD = "gnu++20";
				CLANG_ENABLE_MODULES = YES;
				CLANG_ENABLE_OBJC_ARC = YES;
				CLANG_ENABLE_OBJC_WEAK = YES;
				CLANG_WARN_BLOCK_CAPTURE_AUTORELEASING = YES;
				CLANG_WARN_BOOL_CONVERSION = YES;
				CLANG_WARN_COMMA = YES;
				CLANG_WARN_CONSTANT_CONVERSION = YES;
				CLANG_WARN_DEPRECATED_OBJC_IMPLEMENTATIONS = YES;
				CLANG_WARN_DIRECT_OBJC_ISA_USAGE = YES_ERROR;
				CLANG_WARN_DOCUMENTATION_COMMENTS = YES;
				CLANG_WARN_EMPTY_BODY = YES;
				CLANG_WARN_ENUM_CONVERSION = YES;
				CLANG_WARN_INFINITE_RECURSION = YES;
				CLANG_WARN_INT_CONVERSION = YES;
				CLANG_WARN_NON_LITERAL_NULL_CONVERSION = YES;
				CLANG_WARN_OBJC_IMPLICIT_RETAIN_SELF = YES;
				CLANG_WARN_OBJC_LITERAL_CONVERSION = YES;
				CLANG_WARN_OBJC_ROOT_CLASS = YES_ERROR;
				CLANG_WARN_QUOTED_INCLUDE_IN_FRAMEWORK_HEADER = YES;
				CLANG_WARN_RANGE_LOOP_ANALYSIS = YES;
				CLANG_WARN_STRICT_PROTOTYPES = YES;
				CLANG_WARN_SUSPICIOUS_MOVE = YES;
				CLANG_WARN_UNGUARDED_AVAILABILITY = YES_AGGRESSIVE;
				CLANG_WARN_UNREACHABLE_CODE = YES;
				CLANG_WARN__DUPLICATE_METHOD_MATCH = YES;
				COPY_PHASE_STRIP = NO;
				DEBUG_INFORMATION_FORMAT = "dwarf-with-dsym";
				ENABLE_NS_ASSERTIONS = NO;
				ENABLE_STRICT_OBJC_MSGSEND = YES;
				ENABLE_USER_SCRIPT_SANDBOXING = YES;
				GCC_C_LANGUAGE_STANDARD = gnu17;
				GCC_NO_COMMON_BLOCKS = YES;
				GCC_WARN_64_TO_32_BIT_CONVERSION = YES;
				GCC_WARN_ABOUT_RETURN_TYPE = YES_ERROR;
				GCC_WARN_UNDECLARED_SELECTOR = YES;
				GCC_WARN_UNINITIALIZED_AUTOS = YES_AGGRESSIVE;
				GCC_WARN_UNUSED_FUNCTION = YES;
				GCC_WARN_UNUSED_VARIABLE = YES;
				IPHONEOS_DEPLOYMENT_TARGET = 17.0;
				LOCALIZATION_PREFERS_STRING_CATALOGS = YES;
				MTL_ENABLE_DEBUG_INFO = NO;
				MTL_FAST_MATH = YES;
				SDKROOT = iphoneos;
				SWIFT_COMPILATION_MODE = wholemodule;
				VALIDATE_PRODUCT = YES;
			};
			name = Release;
		};
		4FC3A0942BFDB55300444F1F /* Debug */ = {
			isa = XCBuildConfiguration;
			buildSettings = {
				ASSETCATALOG_COMPILER_APPICON_NAME = AppIcon;
				ASSETCATALOG_COMPILER_GLOBAL_ACCENT_COLOR_NAME = AccentColor;
				CODE_SIGN_STYLE = Automatic;
				CURRENT_PROJECT_VERSION = 1;
				DEVELOPMENT_ASSET_PATHS = "\"PokemonApp/Preview Content\"";
				ENABLE_PREVIEWS = YES;
				GENERATE_INFOPLIST_FILE = YES;
				INFOPLIST_KEY_UIApplicationSceneManifest_Generation = YES;
				INFOPLIST_KEY_UIApplicationSupportsIndirectInputEvents = YES;
				INFOPLIST_KEY_UILaunchScreen_Generation = YES;
				INFOPLIST_KEY_UISupportedInterfaceOrientations_iPad = "UIInterfaceOrientationPortrait UIInterfaceOrientationPortraitUpsideDown UIInterfaceOrientationLandscapeLeft UIInterfaceOrientationLandscapeRight";
				INFOPLIST_KEY_UISupportedInterfaceOrientations_iPhone = "UIInterfaceOrientationPortrait UIInterfaceOrientationLandscapeLeft UIInterfaceOrientationLandscapeRight";
				LD_RUNPATH_SEARCH_PATHS = (
					"$(inherited)",
					"@executable_path/Frameworks",
				);
				MARKETING_VERSION = 1.0;
				PRODUCT_BUNDLE_IDENTIFIER = learnwithnk.PokemonApp;
				PRODUCT_NAME = "$(TARGET_NAME)";
				SWIFT_EMIT_LOC_STRINGS = YES;
				SWIFT_VERSION = 5.0;
				TARGETED_DEVICE_FAMILY = "1,2";
			};
			name = Debug;
		};
		4FC3A0952BFDB55300444F1F /* Release */ = {
			isa = XCBuildConfiguration;
			buildSettings = {
				ASSETCATALOG_COMPILER_APPICON_NAME = AppIcon;
				ASSETCATALOG_COMPILER_GLOBAL_ACCENT_COLOR_NAME = AccentColor;
				CODE_SIGN_STYLE = Automatic;
				CURRENT_PROJECT_VERSION = 1;
				DEVELOPMENT_ASSET_PATHS = "\"PokemonApp/Preview Content\"";
				ENABLE_PREVIEWS = YES;
				GENERATE_INFOPLIST_FILE = YES;
				INFOPLIST_KEY_UIApplicationSceneManifest_Generation = YES;
				INFOPLIST_KEY_UIApplicationSupportsIndirectInputEvents = YES;
				INFOPLIST_KEY_UILaunchScreen_Generation = YES;
				INFOPLIST_KEY_UISupportedInterfaceOrientations_iPad = "UIInterfaceOrientationPortrait UIInterfaceOrientationPortraitUpsideDown UIInterfaceOrientationLandscapeLeft UIInterfaceOrientationLandscapeRight";
				INFOPLIST_KEY_UISupportedInterfaceOrientations_iPhone = "UIInterfaceOrientationPortrait UIInterfaceOrientationLandscapeLeft UIInterfaceOrientationLandscapeRight";
				LD_RUNPATH_SEARCH_PATHS = (
					"$(inherited)",
					"@executable_path/Frameworks",
				);
				MARKETING_VERSION = 1.0;
				PRODUCT_BUNDLE_IDENTIFIER = learnwithnk.PokemonApp;
				PRODUCT_NAME = "$(TARGET_NAME)";
				SWIFT_EMIT_LOC_STRINGS = YES;
				SWIFT_VERSION = 5.0;
				TARGETED_DEVICE_FAMILY = "1,2";
			};
			name = Release;
		};
		4FC3A0972BFDB55300444F1F /* Debug */ = {
			isa = XCBuildConfiguration;
			buildSettings = {
				ALWAYS_EMBED_SWIFT_STANDARD_LIBRARIES = YES;
				BUNDLE_LOADER = "$(TEST_HOST)";
				CODE_SIGN_STYLE = Automatic;
				CURRENT_PROJECT_VERSION = 1;
				GENERATE_INFOPLIST_FILE = YES;
				IPHONEOS_DEPLOYMENT_TARGET = 17.0;
				MARKETING_VERSION = 1.0;
				PRODUCT_BUNDLE_IDENTIFIER = learnwithnk.PokemonAppTests;
				PRODUCT_NAME = "$(TARGET_NAME)";
				SWIFT_EMIT_LOC_STRINGS = NO;
				SWIFT_VERSION = 5.0;
				TARGETED_DEVICE_FAMILY = "1,2";
				TEST_HOST = "$(BUILT_PRODUCTS_DIR)/PokemonApp.app/$(BUNDLE_EXECUTABLE_FOLDER_PATH)/PokemonApp";
			};
			name = Debug;
		};
		4FC3A0982BFDB55300444F1F /* Release */ = {
			isa = XCBuildConfiguration;
			buildSettings = {
				ALWAYS_EMBED_SWIFT_STANDARD_LIBRARIES = YES;
				BUNDLE_LOADER = "$(TEST_HOST)";
				CODE_SIGN_STYLE = Automatic;
				CURRENT_PROJECT_VERSION = 1;
				GENERATE_INFOPLIST_FILE = YES;
				IPHONEOS_DEPLOYMENT_TARGET = 17.0;
				MARKETING_VERSION = 1.0;
				PRODUCT_BUNDLE_IDENTIFIER = learnwithnk.PokemonAppTests;
				PRODUCT_NAME = "$(TARGET_NAME)";
				SWIFT_EMIT_LOC_STRINGS = NO;
				SWIFT_VERSION = 5.0;
				TARGETED_DEVICE_FAMILY = "1,2";
				TEST_HOST = "$(BUILT_PRODUCTS_DIR)/PokemonApp.app/$(BUNDLE_EXECUTABLE_FOLDER_PATH)/PokemonApp";
			};
			name = Release;
		};
		4FC3A09A2BFDB55300444F1F /* Debug */ = {
			isa = XCBuildConfiguration;
			buildSettings = {
				ALWAYS_EMBED_SWIFT_STANDARD_LIBRARIES = YES;
				CODE_SIGN_STYLE = Automatic;
				CURRENT_PROJECT_VERSION = 1;
				GENERATE_INFOPLIST_FILE = YES;
				MARKETING_VERSION = 1.0;
				PRODUCT_BUNDLE_IDENTIFIER = learnwithnk.PokemonAppUITests;
				PRODUCT_NAME = "$(TARGET_NAME)";
				SWIFT_EMIT_LOC_STRINGS = NO;
				SWIFT_VERSION = 5.0;
				TARGETED_DEVICE_FAMILY = "1,2";
				TEST_TARGET_NAME = PokemonApp;
			};
			name = Debug;
		};
		4FC3A09B2BFDB55300444F1F /* Release */ = {
			isa = XCBuildConfiguration;
			buildSettings = {
				ALWAYS_EMBED_SWIFT_STANDARD_LIBRARIES = YES;
				CODE_SIGN_STYLE = Automatic;
				CURRENT_PROJECT_VERSION = 1;
				GENERATE_INFOPLIST_FILE = YES;
				MARKETING_VERSION = 1.0;
				PRODUCT_BUNDLE_IDENTIFIER = learnwithnk.PokemonAppUITests;
				PRODUCT_NAME = "$(TARGET_NAME)";
				SWIFT_EMIT_LOC_STRINGS = NO;
				SWIFT_VERSION = 5.0;
				TARGETED_DEVICE_FAMILY = "1,2";
				TEST_TARGET_NAME = PokemonApp;
			};
			name = Release;
		};
/* End XCBuildConfiguration section */

/* Begin XCConfigurationList section */
		4FC3A06A2BFDB55000444F1F /* Build configuration list for PBXProject "PokemonApp" */ = {
			isa = XCConfigurationList;
			buildConfigurations = (
				4FC3A0912BFDB55300444F1F /* Debug */,
				4FC3A0922BFDB55300444F1F /* Release */,
			);
			defaultConfigurationIsVisible = 0;
			defaultConfigurationName = Release;
		};
		4FC3A0932BFDB55300444F1F /* Build configuration list for PBXNativeTarget "PokemonApp" */ = {
			isa = XCConfigurationList;
			buildConfigurations = (
				4FC3A0942BFDB55300444F1F /* Debug */,
				4FC3A0952BFDB55300444F1F /* Release */,
			);
			defaultConfigurationIsVisible = 0;
			defaultConfigurationName = Release;
		};
		4FC3A0962BFDB55300444F1F /* Build configuration list for PBXNativeTarget "PokemonAppTests" */ = {
			isa = XCConfigurationList;
			buildConfigurations = (
				4FC3A0972BFDB55300444F1F /* Debug */,
				4FC3A0982BFDB55300444F1F /* Release */,
			);
			defaultConfigurationIsVisible = 0;
			defaultConfigurationName = Release;
		};
		4FC3A0992BFDB55300444F1F /* Build configuration list for PBXNativeTarget "PokemonAppUITests" */ = {
			isa = XCConfigurationList;
			buildConfigurations = (
				4FC3A09A2BFDB55300444F1F /* Debug */,
				4FC3A09B2BFDB55300444F1F /* Release */,
			);
			defaultConfigurationIsVisible = 0;
			defaultConfigurationName = Release;
		};
/* End XCConfigurationList section */
	};
	rootObject = 4FC3A0672BFDB55000444F1F /* Project object */;
}
